
Microsoft Visual Studio Solution File, Format Version 12.00
# Visual Studio Version 16
VisualStudioVersion = 16.0.31605.320
MinimumVisualStudioVersion = 10.0.40219.1
Project("{FAE04EC0-301F-11D3-BF4B-00C04F79EFBC}") = "PSTfiles", "PSTfiles\PSTfiles.csproj", "{1774ED0A-30F7-45FE-BAE7-1D1D5168F80C}"
EndProject
Project("{FAE04EC0-301F-11D3-BF4B-00C04F79EFBC}") = "SearchOutlookFolders", "SearchOutlookFolders\SearchOutlookFolders.csproj", "{DDF5BE2D-886D-419E-B7D9-347C468F034A}"
EndProject
Global
	GlobalSection(SolutionConfigurationPlatforms) = preSolution
		Debug|Any CPU = Debug|Any CPU
		Release|Any CPU = Release|Any CPU
	EndGlobalSection
	GlobalSection(ProjectConfigurationPlatforms) = postSolution
		{1774ED0A-30F7-45FE-BAE7-1D1D5168F80C}.Debug|Any CPU.ActiveCfg = Debug|Any CPU
		{1774ED0A-30F7-45FE-BAE7-1D1D5168F80C}.Debug|Any CPU.Build.0 = Debug|Any CPU
		{1774ED0A-30F7-45FE-BAE7-1D1D5168F80C}.Release|Any CPU.ActiveCfg = Release|Any CPU
		{1774ED0A-30F7-45FE-BAE7-1D1D5168F80C}.Release|Any CPU.Build.0 = Release|Any CPU
		{DDF5BE2D-886D-419E-B7D9-347C468F034A}.Debug|Any CPU.ActiveCfg = Debug|Any CPU
		{DDF5BE2D-886D-419E-B7D9-347C468F034A}.Debug|Any CPU.Build.0 = Debug|Any CPU
		{DDF5BE2D-886D-419E-B7D9-347C468F034A}.Release|Any CPU.ActiveCfg = Release|Any CPU
		{DDF5BE2D-886D-419E-B7D9-347C468F034A}.Release|Any CPU.Build.0 = Release|Any CPU
	EndGlobalSection
	GlobalSection(SolutionProperties) = preSolution
		HideSolutionNode = FALSE
	EndGlobalSection
	GlobalSection(ExtensibilityGlobals) = postSolution
		SolutionGuid = {EC74D1EC-726B-4237-8270-47EE805EBC0E}
	EndGlobalSection
EndGlobal
